# cropwright.lock -- the Cropwright release known-compatible with this
# OpenProcessor release (installer plan section 3.1). The installer reads that
# tag's docker-compose.yml, .env.example and SHA256SUMS, checks SHA256SUMS
# against sha256sums_sha256 below, and the two files against SHA256SUMS; the
# image runs pinned via CROPWRIGHT_IMAGE.
#
# The standalone Cropwright repository is private until the 0.5.0 monorepo, so
# the release bundle ships these files inside the deploy tarball
# (cropwright-release/<tag>/, see scripts/release/build_deploy_bundle.sh) and the
# installer uses them with no network fetch.
tag=v0.1.1
image=davidamacey/cropwright@sha256:1642bb24dc23ccfa7dd70f3dc1e72b4c38526c889bfb83cfb9ef87418127e4b6
sha256sums_sha256=6e3992861cabef9419b074b0b6a6b15d4f75b2c020e8874d4653a33bcbb13719
