alloy=grafana/alloy:v1.17.1@sha256:4f6ddc56ffdcf8a6316748fc5162972e20cb301523cac1bb4a31957df733ae9b
api=davidamacey/openprocessor:0.4.0@sha256:a9208770feb2f8d7908c725def0f00a8eb6ee2667b3877c4ebb2de434adb2cde
dcgm_exporter=nvcr.io/nvidia/k8s/dcgm-exporter:3.3.5-3.4.0-ubuntu22.04@sha256:ab1e183c2ccd5820db379027f58cb928af29c2e8a87dd6decc39afac9f15d677
evaluator=davidamacey/openprocessor-evaluator:0.4.0@sha256:b83b98805c725a2ef995dbe4ea2197d67f1e895874f7cccaff7bf0dad79cad06
grafana=grafana/grafana:13.1.0@sha256:121a7a9ece6dc10b969f1f96eed64b4f07dfac0d0b8abc070f7cb83bbde86f63
loki=grafana/loki:3.6.12@sha256:2483b71b28b15dee230f85512cae2b20c4b5f6e98a6eabe686cbccfa5ea3ba4a
mlflow=ghcr.io/mlflow/mlflow:v2.19.0@sha256:e68e3089108faf453681319dc7ae6e746b6f25c28243167dcead391c051871ae
node_exporter=prom/node-exporter:v1.10.2@sha256:3ac34ce007accad95afed72149e0d2b927b7e42fd1c866149b945b84737c62c3
opensearch_dashboards=opensearchproject/opensearch-dashboards:3.6.0@sha256:1ddd64e3a07fd98bc20ccf5174760b51795630a602b81102b37d1e9ee82cb7a9
opensearch=opensearchproject/opensearch:3.6.0@sha256:b5dd1512af2a99748c942cfbbd7f32162623336b210667d0fc6333c6321f171d
prometheus=prom/prometheus:v3.12.0@sha256:69f5241418838263316593f7274a304b095c40bcf22e57272865da91bd60a8ac
segmenter=davidamacey/openprocessor-segmenter:0.4.0@sha256:c90b721ddf864a31194fc9ae2735d3859cb1c7ff0c3d1d610b360e57daed275d
trainer=davidamacey/openprocessor-trainer:0.4.0@sha256:877a6f21e634ad689f576c56cba98c126dad430bb23070bb0862cc32cf9d2305
triton=davidamacey/openprocessor-triton:0.4.0@sha256:9202b8f47bd1c47a0d1f04d297033b993b7d57e4da7fbec7c68886e7ff74486d
vlm_gemma4=vllm/vllm-openai:gemma4-cu130@sha256:0d152595cd940ea1e0890fa190a37b7a86e3f7f0f5048ac3e2e4c14529fea833
vlm_generic=vllm/vllm-openai:gemma4-cu130@sha256:0d152595cd940ea1e0890fa190a37b7a86e3f7f0f5048ac3e2e4c14529fea833
